// !$*UTF8*$!
{
	archiveVersion = 1;
	classes = {
	};
	objectVersion = 48;
	objects = {

/* Begin PBXBuildFile section */
		741097D720605B6B004A4EF0 /* LaunchScreen.storyboard in Resources */ = {isa = PBXBuildFile; fileRef = 741097D620605B6B004A4EF0 /* LaunchScreen.storyboard */; };
		741097DA20619068004A4EF0 /* StreamsCellViewModel.swift in Sources */ = {isa = PBXBuildFile; fileRef = 741097D920619068004A4EF0 /* StreamsCellViewModel.swift */; };
		741097DD206195BF004A4EF0 /* StreamsPreloaderCell.swift in Sources */ = {isa = PBXBuildFile; fileRef = 741097DC206195BF004A4EF0 /* StreamsPreloaderCell.swift */; };
		741097DF206195EA004A4EF0 /* StreamsPreloaderCell.xib in Resources */ = {isa = PBXBuildFile; fileRef = 741097DE206195EA004A4EF0 /* StreamsPreloaderCell.xib */; };
		741097E22061A418004A4EF0 /* StreamsErrorCell.swift in Sources */ = {isa = PBXBuildFile; fileRef = 741097E12061A418004A4EF0 /* StreamsErrorCell.swift */; };
		741097E42061A426004A4EF0 /* StreamsErrorCell.xib in Resources */ = {isa = PBXBuildFile; fileRef = 741097E32061A426004A4EF0 /* StreamsErrorCell.xib */; };
		741097E62062F686004A4EF0 /* ChatSocketService.swift in Sources */ = {isa = PBXBuildFile; fileRef = 741097E52062F686004A4EF0 /* ChatSocketService.swift */; };
		7417ECAB2072C0AC003734F0 /* ChatMessageCellViewModel.swift in Sources */ = {isa = PBXBuildFile; fileRef = 7417ECAA2072C0AC003734F0 /* ChatMessageCellViewModel.swift */; };
		746B91032057225A00A2A26F /* MVPCollectionView.swift in Sources */ = {isa = PBXBuildFile; fileRef = 746B91022057225A00A2A26F /* MVPCollectionView.swift */; };
		74857A81206AD22D0078746D /* WelcomeChatSocketMessage.swift in Sources */ = {isa = PBXBuildFile; fileRef = 74857A80206AD22D0078746D /* WelcomeChatSocketMessage.swift */; };
		74857A83206AD2830078746D /* ChatSocketMessage.swift in Sources */ = {isa = PBXBuildFile; fileRef = 74857A82206AD2830078746D /* ChatSocketMessage.swift */; };
		74857A85206AD7600078746D /* JoinChatSocketMessage.swift in Sources */ = {isa = PBXBuildFile; fileRef = 74857A84206AD7600078746D /* JoinChatSocketMessage.swift */; };
		749BCCBB206C2CBA008189B8 /* MessageChatSocketMessage.swift in Sources */ = {isa = PBXBuildFile; fileRef = 749BCCBA206C2CBA008189B8 /* MessageChatSocketMessage.swift */; };
		749BCCBD206C319B008189B8 /* ChannelCountersChatSocketMessage.swift in Sources */ = {isa = PBXBuildFile; fileRef = 749BCCBC206C319B008189B8 /* ChannelCountersChatSocketMessage.swift */; };
		749C85B12051B9AA00387832 /* AppDelegate.swift in Sources */ = {isa = PBXBuildFile; fileRef = 749C85B02051B9AA00387832 /* AppDelegate.swift */; };
		749C85B82051B9AA00387832 /* Assets.xcassets in Resources */ = {isa = PBXBuildFile; fileRef = 749C85B72051B9AA00387832 /* Assets.xcassets */; };
		749C85CF2051C6CA00387832 /* Main.storyboard in Resources */ = {isa = PBXBuildFile; fileRef = 749C85CE2051C6CA00387832 /* Main.storyboard */; };
		749C85D22051C83A00387832 /* StreamsStoryboard.storyboard in Resources */ = {isa = PBXBuildFile; fileRef = 749C85D12051C83A00387832 /* StreamsStoryboard.storyboard */; };
		74A7A96D2054436C00FA06BE /* StreamsPresenter.swift in Sources */ = {isa = PBXBuildFile; fileRef = 74A7A96C2054436C00FA06BE /* StreamsPresenter.swift */; };
		74A7A97120544BFB00FA06BE /* StreamsCell.swift in Sources */ = {isa = PBXBuildFile; fileRef = 74A7A97020544BFB00FA06BE /* StreamsCell.swift */; };
		74A7A97320544C0700FA06BE /* StreamsCell.xib in Resources */ = {isa = PBXBuildFile; fileRef = 74A7A97220544C0700FA06BE /* StreamsCell.xib */; };
		74A7A97520544E1B00FA06BE /* IndexPath.swift in Sources */ = {isa = PBXBuildFile; fileRef = 74A7A97420544E1B00FA06BE /* IndexPath.swift */; };
		74A7A9782054502A00FA06BE /* StreamsService.swift in Sources */ = {isa = PBXBuildFile; fileRef = 74A7A9772054502A00FA06BE /* StreamsService.swift */; };
		74A7A97A2054519800FA06BE /* Constants.swift in Sources */ = {isa = PBXBuildFile; fileRef = 74A7A9792054519800FA06BE /* Constants.swift */; };
		74A7A97D205452A200FA06BE /* Router.swift in Sources */ = {isa = PBXBuildFile; fileRef = 74A7A97C205452A200FA06BE /* Router.swift */; };
		74A7A97F20545B5100FA06BE /* UICollectionViewCell.swift in Sources */ = {isa = PBXBuildFile; fileRef = 74A7A97E20545B5100FA06BE /* UICollectionViewCell.swift */; };
		74A9EA20205C56BA007D945C /* MVPCollectionViewDataSource.swift in Sources */ = {isa = PBXBuildFile; fileRef = 74A9EA1F205C56BA007D945C /* MVPCollectionViewDataSource.swift */; };
		74C00B7B2054408D00EF0B70 /* StreamsViewController.swift in Sources */ = {isa = PBXBuildFile; fileRef = 74C00B7A2054408D00EF0B70 /* StreamsViewController.swift */; };
		74C1E22F20713DCE00DF2611 /* ChatMessageCell.xib in Resources */ = {isa = PBXBuildFile; fileRef = 74C1E22E20713DCE00DF2611 /* ChatMessageCell.xib */; };
		74C1E23120713E0900DF2611 /* ChatMessageCell.swift in Sources */ = {isa = PBXBuildFile; fileRef = 74C1E23020713E0900DF2611 /* ChatMessageCell.swift */; };
		74CE8033205AFC25007A1A48 /* Channel.swift in Sources */ = {isa = PBXBuildFile; fileRef = 74CE8032205AFC25007A1A48 /* Channel.swift */; };
		74E14159206D70280032A69A /* IntegerTransform.swift in Sources */ = {isa = PBXBuildFile; fileRef = 74E14158206D70280032A69A /* IntegerTransform.swift */; };
		74E1415C206D7E1C0032A69A /* ChatStoryboard.storyboard in Resources */ = {isa = PBXBuildFile; fileRef = 74E1415B206D7E1C0032A69A /* ChatStoryboard.storyboard */; };
		74E1415E206D7E310032A69A /* ChatViewController.swift in Sources */ = {isa = PBXBuildFile; fileRef = 74E1415D206D7E310032A69A /* ChatViewController.swift */; };
		74E14160206D7E500032A69A /* ChatPresenter.swift in Sources */ = {isa = PBXBuildFile; fileRef = 74E1415F206D7E500032A69A /* ChatPresenter.swift */; };
		74F7114220586DDD00BCF893 /* Stream.swift in Sources */ = {isa = PBXBuildFile; fileRef = 74F7114120586DDD00BCF893 /* Stream.swift */; };
		74F7114520586E2200BCF893 /* PaginableResponse.swift in Sources */ = {isa = PBXBuildFile; fileRef = 74F7114420586E2200BCF893 /* PaginableResponse.swift */; };
		E881CBB353462A90EE6FCD9D /* Pods_GoodGame.framework in Frameworks */ = {isa = PBXBuildFile; fileRef = 2E5BD78CBC920B67DCC385F3 /* Pods_GoodGame.framework */; };
/* End PBXBuildFile section */

/* Begin PBXFileReference section */
		2E5BD78CBC920B67DCC385F3 /* Pods_GoodGame.framework */ = {isa = PBXFileReference; explicitFileType = wrapper.framework; includeInIndex = 0; path = Pods_GoodGame.framework; sourceTree = BUILT_PRODUCTS_DIR; };
		741097D620605B6B004A4EF0 /* LaunchScreen.storyboard */ = {isa = PBXFileReference; lastKnownFileType = file.storyboard; path = LaunchScreen.storyboard; sourceTree = "<group>"; };
		741097D920619068004A4EF0 /* StreamsCellViewModel.swift */ = {isa = PBXFileReference; lastKnownFileType = sourcecode.swift; path = StreamsCellViewModel.swift; sourceTree = "<group>"; };
		741097DC206195BF004A4EF0 /* StreamsPreloaderCell.swift */ = {isa = PBXFileReference; lastKnownFileType = sourcecode.swift; path = StreamsPreloaderCell.swift; sourceTree = "<group>"; };
		741097DE206195EA004A4EF0 /* StreamsPreloaderCell.xib */ = {isa = PBXFileReference; lastKnownFileType = file.xib; path = StreamsPreloaderCell.xib; sourceTree = "<group>"; };
		741097E12061A418004A4EF0 /* StreamsErrorCell.swift */ = {isa = PBXFileReference; lastKnownFileType = sourcecode.swift; path = StreamsErrorCell.swift; sourceTree = "<group>"; };
		741097E32061A426004A4EF0 /* StreamsErrorCell.xib */ = {isa = PBXFileReference; lastKnownFileType = file.xib; path = StreamsErrorCell.xib; sourceTree = "<group>"; };
		741097E52062F686004A4EF0 /* ChatSocketService.swift */ = {isa = PBXFileReference; lastKnownFileType = sourcecode.swift; path = ChatSocketService.swift; sourceTree = "<group>"; };
		7417ECAA2072C0AC003734F0 /* ChatMessageCellViewModel.swift */ = {isa = PBXFileReference; lastKnownFileType = sourcecode.swift; path = ChatMessageCellViewModel.swift; sourceTree = "<group>"; };
		746B91022057225A00A2A26F /* MVPCollectionView.swift */ = {isa = PBXFileReference; lastKnownFileType = sourcecode.swift; path = MVPCollectionView.swift; sourceTree = "<group>"; };
		74857A80206AD22D0078746D /* WelcomeChatSocketMessage.swift */ = {isa = PBXFileReference; lastKnownFileType = sourcecode.swift; path = WelcomeChatSocketMessage.swift; sourceTree = "<group>"; };
		74857A82206AD2830078746D /* ChatSocketMessage.swift */ = {isa = PBXFileReference; lastKnownFileType = sourcecode.swift; path = ChatSocketMessage.swift; sourceTree = "<group>"; };
		74857A84206AD7600078746D /* JoinChatSocketMessage.swift */ = {isa = PBXFileReference; lastKnownFileType = sourcecode.swift; path = JoinChatSocketMessage.swift; sourceTree = "<group>"; };
		749BCCBA206C2CBA008189B8 /* MessageChatSocketMessage.swift */ = {isa = PBXFileReference; lastKnownFileType = sourcecode.swift; path = MessageChatSocketMessage.swift; sourceTree = "<group>"; };
		749BCCBC206C319B008189B8 /* ChannelCountersChatSocketMessage.swift */ = {isa = PBXFileReference; lastKnownFileType = sourcecode.swift; path = ChannelCountersChatSocketMessage.swift; sourceTree = "<group>"; };
		749C85AD2051B9AA00387832 /* GoodGame.app */ = {isa = PBXFileReference; explicitFileType = wrapper.application; includeInIndex = 0; path = GoodGame.app; sourceTree = BUILT_PRODUCTS_DIR; };
		749C85B02051B9AA00387832 /* AppDelegate.swift */ = {isa = PBXFileReference; lastKnownFileType = sourcecode.swift; path = AppDelegate.swift; sourceTree = "<group>"; };
		749C85B72051B9AA00387832 /* Assets.xcassets */ = {isa = PBXFileReference; lastKnownFileType = folder.assetcatalog; path = Assets.xcassets; sourceTree = "<group>"; };
		749C85BC2051B9AA00387832 /* Info.plist */ = {isa = PBXFileReference; lastKnownFileType = text.plist.xml; path = Info.plist; sourceTree = "<group>"; };
		749C85CE2051C6CA00387832 /* Main.storyboard */ = {isa = PBXFileReference; lastKnownFileType = file.storyboard; path = Main.storyboard; sourceTree = "<group>"; };
		749C85D12051C83A00387832 /* StreamsStoryboard.storyboard */ = {isa = PBXFileReference; lastKnownFileType = file.storyboard; path = StreamsStoryboard.storyboard; sourceTree = "<group>"; };
		74A7A96C2054436C00FA06BE /* StreamsPresenter.swift */ = {isa = PBXFileReference; lastKnownFileType = sourcecode.swift; path = StreamsPresenter.swift; sourceTree = "<group>"; };
		74A7A97020544BFB00FA06BE /* StreamsCell.swift */ = {isa = PBXFileReference; lastKnownFileType = sourcecode.swift; path = StreamsCell.swift; sourceTree = "<group>"; };
		74A7A97220544C0700FA06BE /* StreamsCell.xib */ = {isa = PBXFileReference; lastKnownFileType = file.xib; path = StreamsCell.xib; sourceTree = "<group>"; };
		74A7A97420544E1B00FA06BE /* IndexPath.swift */ = {isa = PBXFileReference; lastKnownFileType = sourcecode.swift; path = IndexPath.swift; sourceTree = "<group>"; };
		74A7A9772054502A00FA06BE /* StreamsService.swift */ = {isa = PBXFileReference; lastKnownFileType = sourcecode.swift; path = StreamsService.swift; sourceTree = "<group>"; };
		74A7A9792054519800FA06BE /* Constants.swift */ = {isa = PBXFileReference; lastKnownFileType = sourcecode.swift; path = Constants.swift; sourceTree = "<group>"; };
		74A7A97C205452A200FA06BE /* Router.swift */ = {isa = PBXFileReference; lastKnownFileType = sourcecode.swift; path = Router.swift; sourceTree = "<group>"; };
		74A7A97E20545B5100FA06BE /* UICollectionViewCell.swift */ = {isa = PBXFileReference; lastKnownFileType = sourcecode.swift; path = UICollectionViewCell.swift; sourceTree = "<group>"; };
		74A9EA1F205C56BA007D945C /* MVPCollectionViewDataSource.swift */ = {isa = PBXFileReference; lastKnownFileType = sourcecode.swift; path = MVPCollectionViewDataSource.swift; sourceTree = "<group>"; };
		74C00B7A2054408D00EF0B70 /* StreamsViewController.swift */ = {isa = PBXFileReference; lastKnownFileType = sourcecode.swift; path = StreamsViewController.swift; sourceTree = "<group>"; };
		74C1E22E20713DCE00DF2611 /* ChatMessageCell.xib */ = {isa = PBXFileReference; lastKnownFileType = file.xib; path = ChatMessageCell.xib; sourceTree = "<group>"; };
		74C1E23020713E0900DF2611 /* ChatMessageCell.swift */ = {isa = PBXFileReference; lastKnownFileType = sourcecode.swift; path = ChatMessageCell.swift; sourceTree = "<group>"; };
		74CE8032205AFC25007A1A48 /* Channel.swift */ = {isa = PBXFileReference; lastKnownFileType = sourcecode.swift; path = Channel.swift; sourceTree = "<group>"; };
		74E14158206D70280032A69A /* IntegerTransform.swift */ = {isa = PBXFileReference; lastKnownFileType = sourcecode.swift; path = IntegerTransform.swift; sourceTree = "<group>"; };
		74E1415B206D7E1C0032A69A /* ChatStoryboard.storyboard */ = {isa = PBXFileReference; lastKnownFileType = file.storyboard; path = ChatStoryboard.storyboard; sourceTree = "<group>"; };
		74E1415D206D7E310032A69A /* ChatViewController.swift */ = {isa = PBXFileReference; lastKnownFileType = sourcecode.swift; path = ChatViewController.swift; sourceTree = "<group>"; };
		74E1415F206D7E500032A69A /* ChatPresenter.swift */ = {isa = PBXFileReference; lastKnownFileType = sourcecode.swift; path = ChatPresenter.swift; sourceTree = "<group>"; };
		74F7114120586DDD00BCF893 /* Stream.swift */ = {isa = PBXFileReference; lastKnownFileType = sourcecode.swift; path = Stream.swift; sourceTree = "<group>"; };
		74F7114420586E2200BCF893 /* PaginableResponse.swift */ = {isa = PBXFileReference; lastKnownFileType = sourcecode.swift; path = PaginableResponse.swift; sourceTree = "<group>"; };
		8A166B63B3B0A00ECF3F57DE /* Pods-GoodGame.release.xcconfig */ = {isa = PBXFileReference; includeInIndex = 1; lastKnownFileType = text.xcconfig; name = "Pods-GoodGame.release.xcconfig"; path = "Pods/Target Support Files/Pods-GoodGame/Pods-GoodGame.release.xcconfig"; sourceTree = "<group>"; };
		A67EE64D92EE42166DD94648 /* Pods-GoodGame.debug.xcconfig */ = {isa = PBXFileReference; includeInIndex = 1; lastKnownFileType = text.xcconfig; name = "Pods-GoodGame.debug.xcconfig"; path = "Pods/Target Support Files/Pods-GoodGame/Pods-GoodGame.debug.xcconfig"; sourceTree = "<group>"; };
/* End PBXFileReference section */

/* Begin PBXFrameworksBuildPhase section */
		749C85AA2051B9AA00387832 /* Frameworks */ = {
			isa = PBXFrameworksBuildPhase;
			buildActionMask = 2147483647;
			files = (
				E881CBB353462A90EE6FCD9D /* Pods_GoodGame.framework in Frameworks */,
			);
			runOnlyForDeploymentPostprocessing = 0;
		};
/* End PBXFrameworksBuildPhase section */

/* Begin PBXGroup section */
		4331CDEAF428217F8BFE8473 /* Pods */ = {
			isa = PBXGroup;
			children = (
				A67EE64D92EE42166DD94648 /* Pods-GoodGame.debug.xcconfig */,
				8A166B63B3B0A00ECF3F57DE /* Pods-GoodGame.release.xcconfig */,
			);
			name = Pods;
			sourceTree = "<group>";
		};
		56407E0107D924A7C1E88E97 /* Frameworks */ = {
			isa = PBXGroup;
			children = (
				2E5BD78CBC920B67DCC385F3 /* Pods_GoodGame.framework */,
			);
			name = Frameworks;
			sourceTree = "<group>";
		};
		741097DB206194E7004A4EF0 /* StreamsPreloaderCell */ = {
			isa = PBXGroup;
			children = (
				741097DC206195BF004A4EF0 /* StreamsPreloaderCell.swift */,
				741097DE206195EA004A4EF0 /* StreamsPreloaderCell.xib */,
			);
			path = StreamsPreloaderCell;
			sourceTree = "<group>";
		};
		741097E02061A34D004A4EF0 /* StreamsErrorCell */ = {
			isa = PBXGroup;
			children = (
				741097E12061A418004A4EF0 /* StreamsErrorCell.swift */,
				741097E32061A426004A4EF0 /* StreamsErrorCell.xib */,
			);
			path = StreamsErrorCell;
			sourceTree = "<group>";
		};
		746B91012057220D00A2A26F /* MVPProtocols */ = {
			isa = PBXGroup;
			children = (
				746B91022057225A00A2A26F /* MVPCollectionView.swift */,
				74A9EA1F205C56BA007D945C /* MVPCollectionViewDataSource.swift */,
			);
			path = MVPProtocols;
			sourceTree = "<group>";
		};
		74857A79206AC9A70078746D /* ChatSocketService */ = {
			isa = PBXGroup;
			children = (
				74857A7F206AD0B60078746D /* Models */,
				741097E52062F686004A4EF0 /* ChatSocketService.swift */,
			);
			path = ChatSocketService;
			sourceTree = "<group>";
		};
		74857A7F206AD0B60078746D /* Models */ = {
			isa = PBXGroup;
			children = (
				74857A82206AD2830078746D /* ChatSocketMessage.swift */,
				74857A80206AD22D0078746D /* WelcomeChatSocketMessage.swift */,
				74857A84206AD7600078746D /* JoinChatSocketMessage.swift */,
				749BCCBA206C2CBA008189B8 /* MessageChatSocketMessage.swift */,
				749BCCBC206C319B008189B8 /* ChannelCountersChatSocketMessage.swift */,
			);
			path = Models;
			sourceTree = "<group>";
		};
		749C85A42051B9AA00387832 = {
			isa = PBXGroup;
			children = (
				749C85AF2051B9AA00387832 /* GoodGame */,
				749C85AE2051B9AA00387832 /* Products */,
				4331CDEAF428217F8BFE8473 /* Pods */,
				56407E0107D924A7C1E88E97 /* Frameworks */,
			);
			sourceTree = "<group>";
		};
		749C85AE2051B9AA00387832 /* Products */ = {
			isa = PBXGroup;
			children = (
				749C85AD2051B9AA00387832 /* GoodGame.app */,
			);
			name = Products;
			sourceTree = "<group>";
		};
		749C85AF2051B9AA00387832 /* GoodGame */ = {
			isa = PBXGroup;
			children = (
				749C85CA2051C15A00387832 /* Common */,
				749C85C22051BE8F00387832 /* Application */,
				749C85C32051BE9A00387832 /* Resources */,
				749C85C42051BF1600387832 /* Modules */,
				749C85C52051C02A00387832 /* Businesslogic */,
			);
			path = GoodGame;
			sourceTree = "<group>";
		};
		749C85C22051BE8F00387832 /* Application */ = {
			isa = PBXGroup;
			children = (
				749C85B02051B9AA00387832 /* AppDelegate.swift */,
				749C85BC2051B9AA00387832 /* Info.plist */,
			);
			path = Application;
			sourceTree = "<group>";
		};
		749C85C32051BE9A00387832 /* Resources */ = {
			isa = PBXGroup;
			children = (
				749C85B72051B9AA00387832 /* Assets.xcassets */,
			);
			path = Resources;
			sourceTree = "<group>";
		};
		749C85C42051BF1600387832 /* Modules */ = {
			isa = PBXGroup;
			children = (
				74E1415A206D7E030032A69A /* Chat */,
				749C85D02051C71900387832 /* Streams */,
				749C85CE2051C6CA00387832 /* Main.storyboard */,
				741097D620605B6B004A4EF0 /* LaunchScreen.storyboard */,
			);
			path = Modules;
			sourceTree = "<group>";
		};
		749C85C52051C02A00387832 /* Businesslogic */ = {
			isa = PBXGroup;
			children = (
				74F7114320586DFF00BCF893 /* Common */,
				74F7114020586DC800BCF893 /* Models */,
				74A7A9762054501200FA06BE /* Services */,
			);
			path = Businesslogic;
			sourceTree = "<group>";
		};
		749C85CA2051C15A00387832 /* Common */ = {
			isa = PBXGroup;
			children = (
				746B91012057220D00A2A26F /* MVPProtocols */,
				74A7A97B2054528B00FA06BE /* Alamofire */,
				74E14157206D6FFB0032A69A /* ObjectMapper */,
				749C85CD2051C52600387832 /* Constants */,
				749C85CC2051C1A700387832 /* Extensions */,
				749C85CB2051C19C00387832 /* Views */,
			);
			path = Common;
			sourceTree = "<group>";
		};
		749C85CB2051C19C00387832 /* Views */ = {
			isa = PBXGroup;
			children = (
			);
			path = Views;
			sourceTree = "<group>";
		};
		749C85CC2051C1A700387832 /* Extensions */ = {
			isa = PBXGroup;
			children = (
				74A7A97420544E1B00FA06BE /* IndexPath.swift */,
				74A7A97E20545B5100FA06BE /* UICollectionViewCell.swift */,
			);
			path = Extensions;
			sourceTree = "<group>";
		};
		749C85CD2051C52600387832 /* Constants */ = {
			isa = PBXGroup;
			children = (
				74A7A9792054519800FA06BE /* Constants.swift */,
			);
			path = Constants;
			sourceTree = "<group>";
		};
		749C85D02051C71900387832 /* Streams */ = {
			isa = PBXGroup;
			children = (
				74A7A96E205443F600FA06BE /* Subviews */,
				749C85D12051C83A00387832 /* StreamsStoryboard.storyboard */,
				74C00B7A2054408D00EF0B70 /* StreamsViewController.swift */,
				74A7A96C2054436C00FA06BE /* StreamsPresenter.swift */,
			);
			path = Streams;
			sourceTree = "<group>";
		};
		74A7A96E205443F600FA06BE /* Subviews */ = {
			isa = PBXGroup;
			children = (
				741097E02061A34D004A4EF0 /* StreamsErrorCell */,
				741097DB206194E7004A4EF0 /* StreamsPreloaderCell */,
				74A7A96F2054440400FA06BE /* StreamsCell */,
			);
			path = Subviews;
			sourceTree = "<group>";
		};
		74A7A96F2054440400FA06BE /* StreamsCell */ = {
			isa = PBXGroup;
			children = (
				74A7A97020544BFB00FA06BE /* StreamsCell.swift */,
				74A7A97220544C0700FA06BE /* StreamsCell.xib */,
				741097D920619068004A4EF0 /* StreamsCellViewModel.swift */,
			);
			path = StreamsCell;
			sourceTree = "<group>";
		};
		74A7A9762054501200FA06BE /* Services */ = {
			isa = PBXGroup;
			children = (
				74857A79206AC9A70078746D /* ChatSocketService */,
				74A7A9772054502A00FA06BE /* StreamsService.swift */,
			);
			path = Services;
			sourceTree = "<group>";
		};
		74A7A97B2054528B00FA06BE /* Alamofire */ = {
			isa = PBXGroup;
			children = (
				74A7A97C205452A200FA06BE /* Router.swift */,
			);
			path = Alamofire;
			sourceTree = "<group>";
		};
		74C1E22D20713D7B00DF2611 /* ChatMessageCell */ = {
			isa = PBXGroup;
			children = (
				74C1E22E20713DCE00DF2611 /* ChatMessageCell.xib */,
				74C1E23020713E0900DF2611 /* ChatMessageCell.swift */,
				7417ECAA2072C0AC003734F0 /* ChatMessageCellViewModel.swift */,
			);
			path = ChatMessageCell;
			sourceTree = "<group>";
		};
		74E14157206D6FFB0032A69A /* ObjectMapper */ = {
			isa = PBXGroup;
			children = (
				74E14158206D70280032A69A /* IntegerTransform.swift */,
			);
			path = ObjectMapper;
			sourceTree = "<group>";
		};
		74E1415A206D7E030032A69A /* Chat */ = {
			isa = PBXGroup;
			children = (
				74E14161206D80350032A69A /* Subviews */,
				74E1415B206D7E1C0032A69A /* ChatStoryboard.storyboard */,
				74E1415D206D7E310032A69A /* ChatViewController.swift */,
				74E1415F206D7E500032A69A /* ChatPresenter.swift */,
			);
			path = Chat;
			sourceTree = "<group>";
		};
		74E14161206D80350032A69A /* Subviews */ = {
			isa = PBXGroup;
			children = (
				74C1E22D20713D7B00DF2611 /* ChatMessageCell */,
			);
			path = Subviews;
			sourceTree = "<group>";
		};
		74F7114020586DC800BCF893 /* Models */ = {
			isa = PBXGroup;
			children = (
				74F7114120586DDD00BCF893 /* Stream.swift */,
				74CE8032205AFC25007A1A48 /* Channel.swift */,
			);
			path = Models;
			sourceTree = "<group>";
		};
		74F7114320586DFF00BCF893 /* Common */ = {
			isa = PBXGroup;
			children = (
				74F7114420586E2200BCF893 /* PaginableResponse.swift */,
			);
			path = Common;
			sourceTree = "<group>";
		};
/* End PBXGroup section */

/* Begin PBXNativeTarget section */
		749C85AC2051B9AA00387832 /* GoodGame */ = {
			isa = PBXNativeTarget;
			buildConfigurationList = 749C85BF2051B9AA00387832 /* Build configuration list for PBXNativeTarget "GoodGame" */;
			buildPhases = (
				B4C23374C623821E07B6B685 /* [CP] Check Pods Manifest.lock */,
				749C85A92051B9AA00387832 /* Sources */,
				749C85AA2051B9AA00387832 /* Frameworks */,
				749C85AB2051B9AA00387832 /* Resources */,
				3B6B5A56CC2C6A03B4932EB6 /* [CP] Embed Pods Frameworks */,
				E941BFE43BD94751EF22C74B /* [CP] Copy Pods Resources */,
			);
			buildRules = (
			);
			dependencies = (
			);
			name = GoodGame;
			productName = GoodGame;
			productReference = 749C85AD2051B9AA00387832 /* GoodGame.app */;
			productType = "com.apple.product-type.application";
		};
/* End PBXNativeTarget section */

/* Begin PBXProject section */
		749C85A52051B9AA00387832 /* Project object */ = {
			isa = PBXProject;
			attributes = {
				LastSwiftUpdateCheck = 0920;
				LastUpgradeCheck = 0920;
				ORGANIZATIONNAME = alexey.pak;
				TargetAttributes = {
					749C85AC2051B9AA00387832 = {
						CreatedOnToolsVersion = 9.2;
						ProvisioningStyle = Automatic;
					};
				};
			};
			buildConfigurationList = 749C85A82051B9AA00387832 /* Build configuration list for PBXProject "GoodGame" */;
			compatibilityVersion = "Xcode 8.0";
			developmentRegion = en;
			hasScannedForEncodings = 0;
			knownRegions = (
				en,
				Base,
			);
			mainGroup = 749C85A42051B9AA00387832;
			productRefGroup = 749C85AE2051B9AA00387832 /* Products */;
			projectDirPath = "";
			projectRoot = "";
			targets = (
				749C85AC2051B9AA00387832 /* GoodGame */,
			);
		};
/* End PBXProject section */

/* Begin PBXResourcesBuildPhase section */
		749C85AB2051B9AA00387832 /* Resources */ = {
			isa = PBXResourcesBuildPhase;
			buildActionMask = 2147483647;
			files = (
				749C85D22051C83A00387832 /* StreamsStoryboard.storyboard in Resources */,
				74E1415C206D7E1C0032A69A /* ChatStoryboard.storyboard in Resources */,
				749C85B82051B9AA00387832 /* Assets.xcassets in Resources */,
				749C85CF2051C6CA00387832 /* Main.storyboard in Resources */,
				741097D720605B6B004A4EF0 /* LaunchScreen.storyboard in Resources */,
				74C1E22F20713DCE00DF2611 /* ChatMessageCell.xib in Resources */,
				741097DF206195EA004A4EF0 /* StreamsPreloaderCell.xib in Resources */,
				741097E42061A426004A4EF0 /* StreamsErrorCell.xib in Resources */,
				74A7A97320544C0700FA06BE /* StreamsCell.xib in Resources */,
			);
			runOnlyForDeploymentPostprocessing = 0;
		};
/* End PBXResourcesBuildPhase section */

/* Begin PBXShellScriptBuildPhase section */
		3B6B5A56CC2C6A03B4932EB6 /* [CP] Embed Pods Frameworks */ = {
			isa = PBXShellScriptBuildPhase;
			buildActionMask = 2147483647;
			files = (
			);
			inputPaths = (
				"${SRCROOT}/Pods/Target Support Files/Pods-GoodGame/Pods-GoodGame-frameworks.sh",
				"${BUILT_PRODUCTS_DIR}/Alamofire/Alamofire.framework",
				"${BUILT_PRODUCTS_DIR}/AlamofireObjectMapper/AlamofireObjectMapper.framework",
				"${BUILT_PRODUCTS_DIR}/ObjectMapper/ObjectMapper.framework",
				"${BUILT_PRODUCTS_DIR}/SwiftWebSocket/SwiftWebSocket.framework",
				"${BUILT_PRODUCTS_DIR}/Swinject/Swinject.framework",
			);
			name = "[CP] Embed Pods Frameworks";
			outputPaths = (
				"${TARGET_BUILD_DIR}/${FRAMEWORKS_FOLDER_PATH}/Alamofire.framework",
				"${TARGET_BUILD_DIR}/${FRAMEWORKS_FOLDER_PATH}/AlamofireObjectMapper.framework",
				"${TARGET_BUILD_DIR}/${FRAMEWORKS_FOLDER_PATH}/ObjectMapper.framework",
				"${TARGET_BUILD_DIR}/${FRAMEWORKS_FOLDER_PATH}/SwiftWebSocket.framework",
				"${TARGET_BUILD_DIR}/${FRAMEWORKS_FOLDER_PATH}/Swinject.framework",
			);
			runOnlyForDeploymentPostprocessing = 0;
			shellPath = /bin/sh;
			shellScript = "\"${SRCROOT}/Pods/Target Support Files/Pods-GoodGame/Pods-GoodGame-frameworks.sh\"\n";
			showEnvVarsInLog = 0;
		};
		B4C23374C623821E07B6B685 /* [CP] Check Pods Manifest.lock */ = {
			isa = PBXShellScriptBuildPhase;
			buildActionMask = 2147483647;
			files = (
			);
			inputPaths = (
				"${PODS_PODFILE_DIR_PATH}/Podfile.lock",
				"${PODS_ROOT}/Manifest.lock",
			);
			name = "[CP] Check Pods Manifest.lock";
			outputPaths = (
				"$(DERIVED_FILE_DIR)/Pods-GoodGame-checkManifestLockResult.txt",
			);
			runOnlyForDeploymentPostprocessing = 0;
			shellPath = /bin/sh;
			shellScript = "diff \"${PODS_PODFILE_DIR_PATH}/Podfile.lock\" \"${PODS_ROOT}/Manifest.lock\" > /dev/null\nif [ $? != 0 ] ; then\n    # print error to STDERR\n    echo \"error: The sandbox is not in sync with the Podfile.lock. Run 'pod install' or update your CocoaPods installation.\" >&2\n    exit 1\nfi\n# This output is used by Xcode 'outputs' to avoid re-running this script phase.\necho \"SUCCESS\" > \"${SCRIPT_OUTPUT_FILE_0}\"\n";
			showEnvVarsInLog = 0;
		};
		E941BFE43BD94751EF22C74B /* [CP] Copy Pods Resources */ = {
			isa = PBXShellScriptBuildPhase;
			buildActionMask = 2147483647;
			files = (
			);
			inputPaths = (
			);
			name = "[CP] Copy Pods Resources";
			outputPaths = (
			);
			runOnlyForDeploymentPostprocessing = 0;
			shellPath = /bin/sh;
			shellScript = "\"${SRCROOT}/Pods/Target Support Files/Pods-GoodGame/Pods-GoodGame-resources.sh\"\n";
			showEnvVarsInLog = 0;
		};
/* End PBXShellScriptBuildPhase section */

/* Begin PBXSourcesBuildPhase section */
		749C85A92051B9AA00387832 /* Sources */ = {
			isa = PBXSourcesBuildPhase;
			buildActionMask = 2147483647;
			files = (
				74857A81206AD22D0078746D /* WelcomeChatSocketMessage.swift in Sources */,
				741097E62062F686004A4EF0 /* ChatSocketService.swift in Sources */,
				749BCCBB206C2CBA008189B8 /* MessageChatSocketMessage.swift in Sources */,
				74F7114520586E2200BCF893 /* PaginableResponse.swift in Sources */,
				74F7114220586DDD00BCF893 /* Stream.swift in Sources */,
				741097DD206195BF004A4EF0 /* StreamsPreloaderCell.swift in Sources */,
				741097DA20619068004A4EF0 /* StreamsCellViewModel.swift in Sources */,
				74A7A97D205452A200FA06BE /* Router.swift in Sources */,
				74CE8033205AFC25007A1A48 /* Channel.swift in Sources */,
				74C00B7B2054408D00EF0B70 /* StreamsViewController.swift in Sources */,
				74A7A9782054502A00FA06BE /* StreamsService.swift in Sources */,
				741097E22061A418004A4EF0 /* StreamsErrorCell.swift in Sources */,
				74A7A96D2054436C00FA06BE /* StreamsPresenter.swift in Sources */,
				74857A85206AD7600078746D /* JoinChatSocketMessage.swift in Sources */,
				74A9EA20205C56BA007D945C /* MVPCollectionViewDataSource.swift in Sources */,
				749C85B12051B9AA00387832 /* AppDelegate.swift in Sources */,
				74A7A97F20545B5100FA06BE /* UICollectionViewCell.swift in Sources */,
				746B91032057225A00A2A26F /* MVPCollectionView.swift in Sources */,
				74857A83206AD2830078746D /* ChatSocketMessage.swift in Sources */,
				74C1E23120713E0900DF2611 /* ChatMessageCell.swift in Sources */,
				749BCCBD206C319B008189B8 /* ChannelCountersChatSocketMessage.swift in Sources */,
				74E14160206D7E500032A69A /* ChatPresenter.swift in Sources */,
				74A7A97A2054519800FA06BE /* Constants.swift in Sources */,
				74E1415E206D7E310032A69A /* ChatViewController.swift in Sources */,
				74A7A97520544E1B00FA06BE /* IndexPath.swift in Sources */,
				74A7A97120544BFB00FA06BE /* StreamsCell.swift in Sources */,
				7417ECAB2072C0AC003734F0 /* ChatMessageCellViewModel.swift in Sources */,
				74E14159206D70280032A69A /* IntegerTransform.swift in Sources */,
			);
			runOnlyForDeploymentPostprocessing = 0;
		};
/* End PBXSourcesBuildPhase section */

/* Begin XCBuildConfiguration section */
		749C85BD2051B9AA00387832 /* Debug */ = {
			isa = XCBuildConfiguration;
			buildSettings = {
				ALWAYS_SEARCH_USER_PATHS = NO;
				CLANG_ANALYZER_NONNULL = YES;
				CLANG_ANALYZER_NUMBER_OBJECT_CONVERSION = YES_AGGRESSIVE;
				CLANG_CXX_LANGUAGE_STANDARD = "gnu++14";
				CLANG_CXX_LIBRARY = "libc++";
				CLANG_ENABLE_MODULES = YES;
				CLANG_ENABLE_OBJC_ARC = YES;
				CLANG_WARN_BLOCK_CAPTURE_AUTORELEASING = YES;
				CLANG_WARN_BOOL_CONVERSION = YES;
				CLANG_WARN_COMMA = YES;
				CLANG_WARN_CONSTANT_CONVERSION = YES;
				CLANG_WARN_DIRECT_OBJC_ISA_USAGE = YES_ERROR;
				CLANG_WARN_DOCUMENTATION_COMMENTS = YES;
				CLANG_WARN_EMPTY_BODY = YES;
				CLANG_WARN_ENUM_CONVERSION = YES;
				CLANG_WARN_INFINITE_RECURSION = YES;
				CLANG_WARN_INT_CONVERSION = YES;
				CLANG_WARN_NON_LITERAL_NULL_CONVERSION = YES;
				CLANG_WARN_OBJC_LITERAL_CONVERSION = YES;
				CLANG_WARN_OBJC_ROOT_CLASS = YES_ERROR;
				CLANG_WARN_RANGE_LOOP_ANALYSIS = YES;
				CLANG_WARN_STRICT_PROTOTYPES = YES;
				CLANG_WARN_SUSPICIOUS_MOVE = YES;
				CLANG_WARN_UNGUARDED_AVAILABILITY = YES_AGGRESSIVE;
				CLANG_WARN_UNREACHABLE_CODE = YES;
				CLANG_WARN__DUPLICATE_METHOD_MATCH = YES;
				CODE_SIGN_IDENTITY = "iPhone Developer";
				COPY_PHASE_STRIP = NO;
				DEBUG_INFORMATION_FORMAT = dwarf;
				ENABLE_STRICT_OBJC_MSGSEND = YES;
				ENABLE_TESTABILITY = YES;
				GCC_C_LANGUAGE_STANDARD = gnu11;
				GCC_DYNAMIC_NO_PIC = NO;
				GCC_NO_COMMON_BLOCKS = YES;
				GCC_OPTIMIZATION_LEVEL = 0;
				GCC_PREPROCESSOR_DEFINITIONS = (
					"DEBUG=1",
					"$(inherited)",
				);
				GCC_WARN_64_TO_32_BIT_CONVERSION = YES;
				GCC_WARN_ABOUT_RETURN_TYPE = YES_ERROR;
				GCC_WARN_UNDECLARED_SELECTOR = YES;
				GCC_WARN_UNINITIALIZED_AUTOS = YES_AGGRESSIVE;
				GCC_WARN_UNUSED_FUNCTION = YES;
				GCC_WARN_UNUSED_VARIABLE = YES;
				IPHONEOS_DEPLOYMENT_TARGET = 11.2;
				MTL_ENABLE_DEBUG_INFO = YES;
				ONLY_ACTIVE_ARCH = YES;
				SDKROOT = iphoneos;
				SWIFT_ACTIVE_COMPILATION_CONDITIONS = DEBUG;
				SWIFT_OPTIMIZATION_LEVEL = "-Onone";
			};
			name = Debug;
		};
		749C85BE2051B9AA00387832 /* Release */ = {
			isa = XCBuildConfiguration;
			buildSettings = {
				ALWAYS_SEARCH_USER_PATHS = NO;
				CLANG_ANALYZER_NONNULL = YES;
				CLANG_ANALYZER_NUMBER_OBJECT_CONVERSION = YES_AGGRESSIVE;
				CLANG_CXX_LANGUAGE_STANDARD = "gnu++14";
				CLANG_CXX_LIBRARY = "libc++";
				CLANG_ENABLE_MODULES = YES;
				CLANG_ENABLE_OBJC_ARC = YES;
				CLANG_WARN_BLOCK_CAPTURE_AUTORELEASING = YES;
				CLANG_WARN_BOOL_CONVERSION = YES;
				CLANG_WARN_COMMA = YES;
				CLANG_WARN_CONSTANT_CONVERSION = YES;
				CLANG_WARN_DIRECT_OBJC_ISA_USAGE = YES_ERROR;
				CLANG_WARN_DOCUMENTATION_COMMENTS = YES;
				CLANG_WARN_EMPTY_BODY = YES;
				CLANG_WARN_ENUM_CONVERSION = YES;
				CLANG_WARN_INFINITE_RECURSION = YES;
				CLANG_WARN_INT_CONVERSION = YES;
				CLANG_WARN_NON_LITERAL_NULL_CONVERSION = YES;
				CLANG_WARN_OBJC_LITERAL_CONVERSION = YES;
				CLANG_WARN_OBJC_ROOT_CLASS = YES_ERROR;
				CLANG_WARN_RANGE_LOOP_ANALYSIS = YES;
				CLANG_WARN_STRICT_PROTOTYPES = YES;
				CLANG_WARN_SUSPICIOUS_MOVE = YES;
				CLANG_WARN_UNGUARDED_AVAILABILITY = YES_AGGRESSIVE;
				CLANG_WARN_UNREACHABLE_CODE = YES;
				CLANG_WARN__DUPLICATE_METHOD_MATCH = YES;
				CODE_SIGN_IDENTITY = "iPhone Developer";
				COPY_PHASE_STRIP = NO;
				DEBUG_INFORMATION_FORMAT = "dwarf-with-dsym";
				ENABLE_NS_ASSERTIONS = NO;
				ENABLE_STRICT_OBJC_MSGSEND = YES;
				GCC_C_LANGUAGE_STANDARD = gnu11;
				GCC_NO_COMMON_BLOCKS = YES;
				GCC_WARN_64_TO_32_BIT_CONVERSION = YES;
				GCC_WARN_ABOUT_RETURN_TYPE = YES_ERROR;
				GCC_WARN_UNDECLARED_SELECTOR = YES;
				GCC_WARN_UNINITIALIZED_AUTOS = YES_AGGRESSIVE;
				GCC_WARN_UNUSED_FUNCTION = YES;
				GCC_WARN_UNUSED_VARIABLE = YES;
				IPHONEOS_DEPLOYMENT_TARGET = 11.2;
				MTL_ENABLE_DEBUG_INFO = NO;
				SDKROOT = iphoneos;
				SWIFT_OPTIMIZATION_LEVEL = "-Owholemodule";
				VALIDATE_PRODUCT = YES;
			};
			name = Release;
		};
		749C85C02051B9AA00387832 /* Debug */ = {
			isa = XCBuildConfiguration;
			baseConfigurationReference = A67EE64D92EE42166DD94648 /* Pods-GoodGame.debug.xcconfig */;
			buildSettings = {
				ASSETCATALOG_COMPILER_APPICON_NAME = AppIcon;
				CODE_SIGN_STYLE = Automatic;
				DEVELOPMENT_TEAM = J74552PZ47;
				INFOPLIST_FILE = GoodGame/Application/Info.plist;
				LD_RUNPATH_SEARCH_PATHS = "$(inherited) @executable_path/Frameworks";
				PRODUCT_BUNDLE_IDENTIFIER = alexey.pak.GoodGame;
				PRODUCT_NAME = "$(TARGET_NAME)";
				SWIFT_VERSION = 4.0;
				TARGETED_DEVICE_FAMILY = "1,2";
			};
			name = Debug;
		};
		749C85C12051B9AA00387832 /* Release */ = {
			isa = XCBuildConfiguration;
			baseConfigurationReference = 8A166B63B3B0A00ECF3F57DE /* Pods-GoodGame.release.xcconfig */;
			buildSettings = {
				ASSETCATALOG_COMPILER_APPICON_NAME = AppIcon;
				CODE_SIGN_STYLE = Automatic;
				DEVELOPMENT_TEAM = J74552PZ47;
				INFOPLIST_FILE = GoodGame/Application/Info.plist;
				LD_RUNPATH_SEARCH_PATHS = "$(inherited) @executable_path/Frameworks";
				PRODUCT_BUNDLE_IDENTIFIER = alexey.pak.GoodGame;
				PRODUCT_NAME = "$(TARGET_NAME)";
				SWIFT_VERSION = 4.0;
				TARGETED_DEVICE_FAMILY = "1,2";
			};
			name = Release;
		};
/* End XCBuildConfiguration section */

/* Begin XCConfigurationList section */
		749C85A82051B9AA00387832 /* Build configuration list for PBXProject "GoodGame" */ = {
			isa = XCConfigurationList;
			buildConfigurations = (
				749C85BD2051B9AA00387832 /* Debug */,
				749C85BE2051B9AA00387832 /* Release */,
			);
			defaultConfigurationIsVisible = 0;
			defaultConfigurationName = Release;
		};
		749C85BF2051B9AA00387832 /* Build configuration list for PBXNativeTarget "GoodGame" */ = {
			isa = XCConfigurationList;
			buildConfigurations = (
				749C85C02051B9AA00387832 /* Debug */,
				749C85C12051B9AA00387832 /* Release */,
			);
			defaultConfigurationIsVisible = 0;
			defaultConfigurationName = Release;
		};
/* End XCConfigurationList section */
	};
	rootObject = 749C85A52051B9AA00387832 /* Project object */;
}
